version = 1
revision = 1
requires-python = ">=3.12"

[[package]]
name = "annotated-types"
version = "0.7.0"
source = { registry = "https://pypi.org/simple" }
sdist = { url = "https://files.pythonhosted.org/packages/ee/67/531ea369ba64dcff5ec9c3402f9f51bf748cec26dde048a2f973a4eea7f5/annotated_types-0.7.0.tar.gz", hash = "sha256:aff07c09a53a08bc8cfccb9c85b05f1aa9a2a6f23728d790723543408344ce89", size = 16081 }
wheels = [
    { url = "https://files.pythonhosted.org/packages/78/b6/6307fbef88d9b5ee7421e68d78a9f162e0da4900bc5f5793f6d3d0e34fb8/annotated_types-0.7.0-py3-none-any.whl", hash = "sha256:1f02e8b43a8fbbc3f3e0d4f0f4bfc8131bcb4eebe8849b8e5c773f3a1c582a53", size = 13643 },
]

[[package]]
name = "anyio"
version = "4.9.0"
source = { registry = "https://pypi.org/simple" }
dependencies = [
    { name = "idna" },
    { name = "sniffio" },
    { name = "typing-extensions", marker = "python_full_version < '3.13'" },
]
sdist = { url = "https://files.pythonhosted.org/packages/95/7d/4c1bd541d4dffa1b52bd83fb8527089e097a106fc90b467a7313b105f840/anyio-4.9.0.tar.gz", hash = "sha256:673c0c244e15788651a4ff38710fea9675823028a6f08a5eda409e0c9840a028", size = 190949 }
wheels = [
    { url = "https://files.pythonhosted.org/packages/a1/ee/48ca1a7c89ffec8b6a0c5d02b89c305671d5ffd8d3c94acf8b8c408575bb/anyio-4.9.0-py3-none-any.whl", hash = "sha256:9f76d541cad6e36af7beb62e978876f3b41e3e04f2c1fbf0884604c0a9c4d93c", size = 100916 },
]

[[package]]
name = "certifi"
version = "2025.1.31"
source = { registry = "https://pypi.org/simple" }
sdist = { url = "https://files.pythonhosted.org/packages/1c/ab/c9f1e32b7b1bf505bf26f0ef697775960db7932abeb7b516de930ba2705f/certifi-2025.1.31.tar.gz", hash = "sha256:3d5da6925056f6f18f119200434a4780a94263f10d1c21d032a6f6b2baa20651", size = 167577 }
wheels = [
    { url = "https://files.pythonhosted.org/packages/38/fc/bce832fd4fd99766c04d1ee0eead6b0ec6486fb100ae5e74c1d91292b982/certifi-2025.1.31-py3-none-any.whl", hash = "sha256:ca78db4565a652026a4db2bcdf68f2fb589ea80d0be70e03929ed730746b84fe", size = 166393 },
]

[[package]]
name = "click"
version = "8.1.8"
source = { registry = "https://pypi.org/simple" }
dependencies = [
    { name = "colorama", marker = "sys_platform == 'win32'" },
]
sdist = { url = "https://files.pythonhosted.org/packages/b9/2e/0090cbf739cee7d23781ad4b89a9894a41538e4fcf4c31dcdd705b78eb8b/click-8.1.8.tar.gz", hash = "sha256:ed53c9d8990d83c2a27deae68e4ee337473f6330c040a31d4225c9574d16096a", size = 226593 }
wheels = [
    { url = "https://files.pythonhosted.org/packages/7e/d4/7ebdbd03970677812aac39c869717059dbb71a4cfc033ca6e5221787892c/click-8.1.8-py3-none-any.whl", hash = "sha256:63c132bbbed01578a06712a2d1f497bb62d9c1c0d329b7903a866228027263b2", size = 98188 },
]

[[package]]
name = "colorama"
version = "0.4.6"
source = { registry = "https://pypi.org/simple" }
sdist = { url = "https://files.pythonhosted.org/packages/d8/53/6f443c9a4a8358a93a6792e2acffb9d9d5cb0a5cfd8802644b7b1c9a02e4/colorama-0.4.6.tar.gz", hash = "sha256:08695f5cb7ed6e0531a20572697297273c47b8cae5a63ffc6d6ed5c201be6e44", size = 27697 }
wheels = [
    { url = "https://files.pythonhosted.org/packages/d1/d6/3965ed04c63042e047cb6a3e6ed1a63a35087b6a609aa3a15ed8ac56c221/colorama-0.4.6-py2.py3-none-any.whl", hash = "sha256:4f1d9991f5acc0ca119f9d443620b77f9d6b33703e51011c16baf57afb285fc6", size = 25335 },
]

[[package]]
name = "h11"
version = "0.14.0"
source = { registry = "https://pypi.org/simple" }
sdist = { url = "https://files.pythonhosted.org/packages/f5/38/3af3d3633a34a3316095b39c8e8fb4853a28a536e55d347bd8d8e9a14b03/h11-0.14.0.tar.gz", hash = "sha256:8f19fbbe99e72420ff35c00b27a34cb9937e902a8b810e2c88300c6f0a3b699d", size = 100418 }
wheels = [
    { url = "https://files.pythonhosted.org/packages/95/04/ff642e65ad6b90db43e668d70ffb6736436c7ce41fcc549f4e9472234127/h11-0.14.0-py3-none-any.whl", hash = "sha256:e3fe4ac4b851c468cc8363d500db52c2ead036020723024a109d37346efaa761", size = 58259 },
]

[[package]]
name = "httpcore"
version = "1.0.7"
source = { registry = "https://pypi.org/simple" }
dependencies = [
    { name = "certifi" },
    { name = "h11" },
]
sdist = { url = "https://files.pythonhosted.org/packages/6a/41/d7d0a89eb493922c37d343b607bc1b5da7f5be7e383740b4753ad8943e90/httpcore-1.0.7.tar.gz", hash = "sha256:8551cb62a169ec7162ac7be8d4817d561f60e08eaa485234898414bb5a8a0b4c", size = 85196 }
wheels = [
    { url = "https://files.pythonhosted.org/packages/87/f5/72347bc88306acb359581ac4d52f23c0ef445b57157adedb9aee0cd689d2/httpcore-1.0.7-py3-none-any.whl", hash = "sha256:a3fff8f43dc260d5bd363d9f9cf1830fa3a458b332856f34282de498ed420edd", size = 78551 },
]

[[package]]
name = "httpx"
version = "0.28.1"
source = { registry = "https://pypi.org/simple" }
dependencies = [
    { name = "anyio" },
    { name = "certifi" },
    { name = "httpcore" },
    { name = "idna" },
]
sdist = { url = "https://files.pythonhosted.org/packages/b1/df/48c586a5fe32a0f01324ee087459e112ebb7224f646c0b5023f5e79e9956/httpx-0.28.1.tar.gz", hash = "sha256:75e98c5f16b0f35b567856f597f06ff2270a374470a5c2392242528e3e3e42fc", size = 141406 }
wheels = [
    { url = "https://files.pythonhosted.org/packages/2a/39/e50c7c3a983047577ee07d2a9e53faf5a69493943ec3f6a384bdc792deb2/httpx-0.28.1-py3-none-any.whl", hash = "sha256:d909fcccc110f8c7faf814ca82a9a4d816bc5a6dbfea25d6591d6985b8ba59ad", size = 73517 },
]

[[package]]
name = "httpx-sse"
version = "0.4.0"
source = { registry = "https://pypi.org/simple" }
sdist = { url = "https://files.pythonhosted.org/packages/4c/60/8f4281fa9bbf3c8034fd54c0e7412e66edbab6bc74c4996bd616f8d0406e/httpx-sse-0.4.0.tar.gz", hash = "sha256:1e81a3a3070ce322add1d3529ed42eb5f70817f45ed6ec915ab753f961139721", size = 12624 }
wheels = [
    { url = "https://files.pythonhosted.org/packages/e1/9b/a181f281f65d776426002f330c31849b86b31fc9d848db62e16f03ff739f/httpx_sse-0.4.0-py3-none-any.whl", hash = "sha256:f329af6eae57eaa2bdfd962b42524764af68075ea87370a2de920af5341e318f", size = 7819 },
]

[[package]]
name = "idna"
version = "3.10"
source = { registry = "https://pypi.org/simple" }
sdist = { url = "https://files.pythonhosted.org/packages/f1/70/7703c29685631f5a7590aa73f1f1d3fa9a380e654b86af429e0934a32f7d/idna-3.10.tar.gz", hash = "sha256:12f65c9b470abda6dc35cf8e63cc574b1c52b11df2c86030af0ac09b01b13ea9", size = 190490 }
wheels = [
    { url = "https://files.pythonhosted.org/packages/76/c6/c88e154df9c4e1a2a66ccf0005a88dfb2650c1dffb6f5ce603dfbd452ce3/idna-3.10-py3-none-any.whl", hash = "sha256:946d195a0d259cbba61165e88e65941f16e9b36ea6ddb97f00452bae8b1287d3", size = 70442 },
]

[[package]]
name = "markdown-it-py"
version = "3.0.0"
source = { registry = "https://pypi.org/simple" }
dependencies = [
    { name = "mdurl" },
]
sdist = { url = "https://files.pythonhosted.org/packages/38/71/3b932df36c1a044d397a1f92d1cf91ee0a503d91e470cbd670aa66b07ed0/markdown-it-py-3.0.0.tar.gz", hash = "sha256:e3f60a94fa066dc52ec76661e37c851cb232d92f9886b15cb560aaada2df8feb", size = 74596 }
wheels = [
    { url = "https://files.pythonhosted.org/packages/42/d7/1ec15b46af6af88f19b8e5ffea08fa375d433c998b8a7639e76935c14f1f/markdown_it_py-3.0.0-py3-none-any.whl", hash = "sha256:355216845c60bd96232cd8d8c40e8f9765cc86f46880e43a8fd22dc1a1a8cab1", size = 87528 },
]

[[package]]
name = "mcp"
version = "1.6.0"
source = { registry = "https://pypi.org/simple" }
dependencies = [
    { name = "anyio" },
    { name = "httpx" },
    { name = "httpx-sse" },
    { name = "pydantic" },
    { name = "pydantic-settings" },
    { name = "sse-starlette" },
    { name = "starlette" },
    { name = "uvicorn" },
]
sdist = { url = "https://files.pythonhosted.org/packages/95/d2/f587cb965a56e992634bebc8611c5b579af912b74e04eb9164bd49527d21/mcp-1.6.0.tar.gz", hash = "sha256:d9324876de2c5637369f43161cd71eebfd803df5a95e46225cab8d280e366723", size = 200031 }
wheels = [
    { url = "https://files.pythonhosted.org/packages/10/30/20a7f33b0b884a9d14dd3aa94ff1ac9da1479fe2ad66dd9e2736075d2506/mcp-1.6.0-py3-none-any.whl", hash = "sha256:7bd24c6ea042dbec44c754f100984d186620d8b841ec30f1b19eda9b93a634d0", size = 76077 },
]

[package.optional-dependencies]
cli = [
    { name = "python-dotenv" },
    { name = "typer" },
]

[[package]]
name = "mdurl"
version = "0.1.2"
source = { registry = "https://pypi.org/simple" }
sdist = { url = "https://files.pythonhosted.org/packages/d6/54/cfe61301667036ec958cb99bd3efefba235e65cdeb9c84d24a8293ba1d90/mdurl-0.1.2.tar.gz", hash = "sha256:bb413d29f5eea38f31dd4754dd7377d4465116fb207585f97bf925588687c1ba", size = 8729 }
wheels = [
    { url = "https://files.pythonhosted.org/packages/b3/38/89ba8ad64ae25be8de66a6d463314cf1eb366222074cfda9ee839c56a4b4/mdurl-0.1.2-py3-none-any.whl", hash = "sha256:84008a41e51615a49fc9966191ff91509e3c40b939176e643fd50a5c2196b8f8", size = 9979 },
]

[[package]]
name = "pydantic"
version = "2.11.2"
source = { registry = "https://pypi.org/simple" }
dependencies = [
    { name = "annotated-types" },
    { name = "pydantic-core" },
    { name = "typing-extensions" },
    { name = "typing-inspection" },
]
sdist = { url = "https://files.pythonhosted.org/packages/b0/41/832125a41fe098b58d1fdd04ae819b4dc6b34d6b09ed78304fd93d4bc051/pydantic-2.11.2.tar.gz", hash = "sha256:2138628e050bd7a1e70b91d4bf4a91167f4ad76fdb83209b107c8d84b854917e", size = 784742 }
wheels = [
    { url = "https://files.pythonhosted.org/packages/bf/c2/0f3baea344d0b15e35cb3e04ad5b953fa05106b76efbf4c782a3f47f22f5/pydantic-2.11.2-py3-none-any.whl", hash = "sha256:7f17d25846bcdf89b670a86cdfe7b29a9f1c9ca23dee154221c9aa81845cfca7", size = 443295 },
]

[[package]]
name = "pydantic-core"
version = "2.33.1"
source = { registry = "https://pypi.org/simple" }
dependencies = [
    { name = "typing-extensions" },
]
sdist = { url = "https://files.pythonhosted.org/packages/17/19/ed6a078a5287aea7922de6841ef4c06157931622c89c2a47940837b5eecd/pydantic_core-2.33.1.tar.gz", hash = "sha256:bcc9c6fdb0ced789245b02b7d6603e17d1563064ddcfc36f046b61c0c05dd9df", size = 434395 }
wheels = [
    { url = "https://files.pythonhosted.org/packages/c8/ce/3cb22b07c29938f97ff5f5bb27521f95e2ebec399b882392deb68d6c440e/pydantic_core-2.33.1-cp312-cp312-macosx_10_12_x86_64.whl", hash = "sha256:1293d7febb995e9d3ec3ea09caf1a26214eec45b0f29f6074abb004723fc1de8", size = 2026640 },
    { url = "https://files.pythonhosted.org/packages/19/78/f381d643b12378fee782a72126ec5d793081ef03791c28a0fd542a5bee64/pydantic_core-2.33.1-cp312-cp312-macosx_11_0_arm64.whl", hash = "sha256:99b56acd433386c8f20be5c4000786d1e7ca0523c8eefc995d14d79c7a081498", size = 1852649 },
    { url = "https://files.pythonhosted.org/packages/9d/2b/98a37b80b15aac9eb2c6cfc6dbd35e5058a352891c5cce3a8472d77665a6/pydantic_core-2.33.1-cp312-cp312-manylinux_2_17_aarch64.manylinux2014_aarch64.whl", hash = "sha256:35a5ec3fa8c2fe6c53e1b2ccc2454398f95d5393ab398478f53e1afbbeb4d939", size = 1892472 },
    { url = "https://files.pythonhosted.org/packages/4e/d4/3c59514e0f55a161004792b9ff3039da52448f43f5834f905abef9db6e4a/pydantic_core-2.33.1-cp312-cp312-manylinux_2_17_armv7l.manylinux2014_armv7l.whl", hash = "sha256:b172f7b9d2f3abc0efd12e3386f7e48b576ef309544ac3a63e5e9cdd2e24585d", size = 1977509 },
    { url = "https://files.pythonhosted.org/packages/a9/b6/c2c7946ef70576f79a25db59a576bce088bdc5952d1b93c9789b091df716/pydantic_core-2.33.1-cp312-cp312-manylinux_2_17_ppc64le.manylinux2014_ppc64le.whl", hash = "sha256:9097b9f17f91eea659b9ec58148c0747ec354a42f7389b9d50701610d86f812e", size = 2128702 },
    { url = "https://files.pythonhosted.org/packages/88/fe/65a880f81e3f2a974312b61f82a03d85528f89a010ce21ad92f109d94deb/pydantic_core-2.33.1-cp312-cp312-manylinux_2_17_s390x.manylinux2014_s390x.whl", hash = "sha256:cc77ec5b7e2118b152b0d886c7514a4653bcb58c6b1d760134a9fab915f777b3", size = 2679428 },
    { url = "https://files.pythonhosted.org/packages/6f/ff/4459e4146afd0462fb483bb98aa2436d69c484737feaceba1341615fb0ac/pydantic_core-2.33.1-cp312-cp312-manylinux_2_17_x86_64.manylinux2014_x86_64.whl", hash = "sha256:d5e3d15245b08fa4a84cefc6c9222e6f37c98111c8679fbd94aa145f9a0ae23d", size = 2008753 },
    { url = "https://files.pythonhosted.org/packages/7c/76/1c42e384e8d78452ededac8b583fe2550c84abfef83a0552e0e7478ccbc3/pydantic_core-2.33.1-cp312-cp312-manylinux_2_5_i686.manylinux1_i686.whl", hash = "sha256:ef99779001d7ac2e2461d8ab55d3373fe7315caefdbecd8ced75304ae5a6fc6b", size = 2114849 },
    { url = "https://files.pythonhosted.org/packages/00/72/7d0cf05095c15f7ffe0eb78914b166d591c0eed72f294da68378da205101/pydantic_core-2.33.1-cp312-cp312-musllinux_1_1_aarch64.whl", hash = "sha256:fc6bf8869e193855e8d91d91f6bf59699a5cdfaa47a404e278e776dd7f168b39", size = 2069541 },
    { url = "https://files.pythonhosted.org/packages/b3/69/94a514066bb7d8be499aa764926937409d2389c09be0b5107a970286ef81/pydantic_core-2.33.1-cp312-cp312-musllinux_1_1_armv7l.whl", hash = "sha256:b1caa0bc2741b043db7823843e1bde8aaa58a55a58fda06083b0569f8b45693a", size = 2239225 },
    { url = "https://files.pythonhosted.org/packages/84/b0/e390071eadb44b41f4f54c3cef64d8bf5f9612c92686c9299eaa09e267e2/pydantic_core-2.33.1-cp312-cp312-musllinux_1_1_x86_64.whl", hash = "sha256:ec259f62538e8bf364903a7d0d0239447059f9434b284f5536e8402b7dd198db", size = 2248373 },
    { url = "https://files.pythonhosted.org/packages/d6/b2/288b3579ffc07e92af66e2f1a11be3b056fe1214aab314748461f21a31c3/pydantic_core-2.33.1-cp312-cp312-win32.whl", hash = "sha256:e14f369c98a7c15772b9da98987f58e2b509a93235582838bd0d1d8c08b68fda", size = 1907034 },
    { url = "https://files.pythonhosted.org/packages/02/28/58442ad1c22b5b6742b992ba9518420235adced665513868f99a1c2638a5/pydantic_core-2.33.1-cp312-cp312-win_amd64.whl", hash = "sha256:1c607801d85e2e123357b3893f82c97a42856192997b95b4d8325deb1cd0c5f4", size = 1956848 },
    { url = "https://files.pythonhosted.org/packages/a1/eb/f54809b51c7e2a1d9f439f158b8dd94359321abcc98767e16fc48ae5a77e/pydantic_core-2.33.1-cp312-cp312-win_arm64.whl", hash = "sha256:8d13f0276806ee722e70a1c93da19748594f19ac4299c7e41237fc791d1861ea", size = 1903986 },
    { url = "https://files.pythonhosted.org/packages/7a/24/eed3466a4308d79155f1cdd5c7432c80ddcc4530ba8623b79d5ced021641/pydantic_core-2.33.1-cp313-cp313-macosx_10_12_x86_64.whl", hash = "sha256:70af6a21237b53d1fe7b9325b20e65cbf2f0a848cf77bed492b029139701e66a", size = 2033551 },
    { url = "https://files.pythonhosted.org/packages/ab/14/df54b1a0bc9b6ded9b758b73139d2c11b4e8eb43e8ab9c5847c0a2913ada/pydantic_core-2.33.1-cp313-cp313-macosx_11_0_arm64.whl", hash = "sha256:282b3fe1bbbe5ae35224a0dbd05aed9ccabccd241e8e6b60370484234b456266", size = 1852785 },
    { url = "https://files.pythonhosted.org/packages/fa/96/e275f15ff3d34bb04b0125d9bc8848bf69f25d784d92a63676112451bfb9/pydantic_core-2.33.1-cp313-cp313-manylinux_2_17_aarch64.manylinux2014_aarch64.whl", hash = "sha256:4b315e596282bbb5822d0c7ee9d255595bd7506d1cb20c2911a4da0b970187d3", size = 1897758 },
    { url = "https://files.pythonhosted.org/packages/b7/d8/96bc536e975b69e3a924b507d2a19aedbf50b24e08c80fb00e35f9baaed8/pydantic_core-2.33.1-cp313-cp313-manylinux_2_17_armv7l.manylinux2014_armv7l.whl", hash = "sha256:1dfae24cf9921875ca0ca6a8ecb4bb2f13c855794ed0d468d6abbec6e6dcd44a", size = 1986109 },
    { url = "https://files.pythonhosted.org/packages/90/72/ab58e43ce7e900b88cb571ed057b2fcd0e95b708a2e0bed475b10130393e/pydantic_core-2.33.1-cp313-cp313-manylinux_2_17_ppc64le.manylinux2014_ppc64le.whl", hash = "sha256:6dd8ecfde08d8bfadaea669e83c63939af76f4cf5538a72597016edfa3fad516", size = 2129159 },
    { url = "https://files.pythonhosted.org/packages/dc/3f/52d85781406886c6870ac995ec0ba7ccc028b530b0798c9080531b409fdb/pydantic_core-2.33.1-cp313-cp313-manylinux_2_17_s390x.manylinux2014_s390x.whl", hash = "sha256:2f593494876eae852dc98c43c6f260f45abdbfeec9e4324e31a481d948214764", size = 2680222 },
    { url = "https://files.pythonhosted.org/packages/f4/56/6e2ef42f363a0eec0fd92f74a91e0ac48cd2e49b695aac1509ad81eee86a/pydantic_core-2.33.1-cp313-cp313-manylinux_2_17_x86_64.manylinux2014_x86_64.whl", hash = "sha256:948b73114f47fd7016088e5186d13faf5e1b2fe83f5e320e371f035557fd264d", size = 2006980 },
    { url = "https://files.pythonhosted.org/packages/4c/c0/604536c4379cc78359f9ee0aa319f4aedf6b652ec2854953f5a14fc38c5a/pydantic_core-2.33.1-cp313-cp313-manylinux_2_5_i686.manylinux1_i686.whl", hash = "sha256:e11f3864eb516af21b01e25fac915a82e9ddad3bb0fb9e95a246067398b435a4", size = 2120840 },
    { url = "https://files.pythonhosted.org/packages/1f/46/9eb764814f508f0edfb291a0f75d10854d78113fa13900ce13729aaec3ae/pydantic_core-2.33.1-cp313-cp313-musllinux_1_1_aarch64.whl", hash = "sha256:549150be302428b56fdad0c23c2741dcdb5572413776826c965619a25d9c6bde", size = 2072518 },
    { url = "https://files.pythonhosted.org/packages/42/e3/fb6b2a732b82d1666fa6bf53e3627867ea3131c5f39f98ce92141e3e3dc1/pydantic_core-2.33.1-cp313-cp313-musllinux_1_1_armv7l.whl", hash = "sha256:495bc156026efafd9ef2d82372bd38afce78ddd82bf28ef5276c469e57c0c83e", size = 2248025 },
    { url = "https://files.pythonhosted.org/packages/5c/9d/fbe8fe9d1aa4dac88723f10a921bc7418bd3378a567cb5e21193a3c48b43/pydantic_core-2.33.1-cp313-cp313-musllinux_1_1_x86_64.whl", hash = "sha256:ec79de2a8680b1a67a07490bddf9636d5c2fab609ba8c57597e855fa5fa4dacd", size = 2254991 },
    { url = "https://files.pythonhosted.org/packages/aa/99/07e2237b8a66438d9b26482332cda99a9acccb58d284af7bc7c946a42fd3/pydantic_core-2.33.1-cp313-cp313-win32.whl", hash = "sha256:ee12a7be1742f81b8a65b36c6921022301d466b82d80315d215c4c691724986f", size = 1915262 },
    { url = "https://files.pythonhosted.org/packages/8a/f4/e457a7849beeed1e5defbcf5051c6f7b3c91a0624dd31543a64fc9adcf52/pydantic_core-2.33.1-cp313-cp313-win_amd64.whl", hash = "sha256:ede9b407e39949d2afc46385ce6bd6e11588660c26f80576c11c958e6647bc40", size = 1956626 },
    { url = "https://files.pythonhosted.org/packages/20/d0/e8d567a7cff7b04e017ae164d98011f1e1894269fe8e90ea187a3cbfb562/pydantic_core-2.33.1-cp313-cp313-win_arm64.whl", hash = "sha256:aa687a23d4b7871a00e03ca96a09cad0f28f443690d300500603bd0adba4b523", size = 1909590 },
    { url = "https://files.pythonhosted.org/packages/ef/fd/24ea4302d7a527d672c5be06e17df16aabfb4e9fdc6e0b345c21580f3d2a/pydantic_core-2.33.1-cp313-cp313t-macosx_11_0_arm64.whl", hash = "sha256:401d7b76e1000d0dd5538e6381d28febdcacb097c8d340dde7d7fc6e13e9f95d", size = 1812963 },
    { url = "https://files.pythonhosted.org/packages/5f/95/4fbc2ecdeb5c1c53f1175a32d870250194eb2fdf6291b795ab08c8646d5d/pydantic_core-2.33.1-cp313-cp313t-manylinux_2_17_x86_64.manylinux2014_x86_64.whl", hash = "sha256:7aeb055a42d734c0255c9e489ac67e75397d59c6fbe60d155851e9782f276a9c", size = 1986896 },
    { url = "https://files.pythonhosted.org/packages/71/ae/fe31e7f4a62431222d8f65a3bd02e3fa7e6026d154a00818e6d30520ea77/pydantic_core-2.33.1-cp313-cp313t-win_amd64.whl", hash = "sha256:338ea9b73e6e109f15ab439e62cb3b78aa752c7fd9536794112e14bee02c8d18", size = 1931810 },
]

[[package]]
name = "pydantic-settings"
version = "2.8.1"
source = { registry = "https://pypi.org/simple" }
dependencies = [
    { name = "pydantic" },
    { name = "python-dotenv" },
]
sdist = { url = "https://files.pythonhosted.org/packages/88/82/c79424d7d8c29b994fb01d277da57b0a9b09cc03c3ff875f9bd8a86b2145/pydantic_settings-2.8.1.tar.gz", hash = "sha256:d5c663dfbe9db9d5e1c646b2e161da12f0d734d422ee56f567d0ea2cee4e8585", size = 83550 }
wheels = [
    { url = "https://files.pythonhosted.org/packages/0b/53/a64f03044927dc47aafe029c42a5b7aabc38dfb813475e0e1bf71c4a59d0/pydantic_settings-2.8.1-py3-none-any.whl", hash = "sha256:81942d5ac3d905f7f3ee1a70df5dfb62d5569c12f51a5a647defc1c3d9ee2e9c", size = 30839 },
]

[[package]]
name = "pygments"
version = "2.19.1"
source = { registry = "https://pypi.org/simple" }
sdist = { url = "https://files.pythonhosted.org/packages/7c/2d/c3338d48ea6cc0feb8446d8e6937e1408088a72a39937982cc6111d17f84/pygments-2.19.1.tar.gz", hash = "sha256:61c16d2a8576dc0649d9f39e089b5f02bcd27fba10d8fb4dcc28173f7a45151f", size = 4968581 }
wheels = [
    { url = "https://files.pythonhosted.org/packages/8a/0b/9fcc47d19c48b59121088dd6da2488a49d5f72dacf8262e2790a1d2c7d15/pygments-2.19.1-py3-none-any.whl", hash = "sha256:9ea1544ad55cecf4b8242fab6dd35a93bbce657034b0611ee383099054ab6d8c", size = 1225293 },
]

[[package]]
name = "python-dotenv"
version = "1.1.0"
source = { registry = "https://pypi.org/simple" }
sdist = { url = "https://files.pythonhosted.org/packages/88/2c/7bb1416c5620485aa793f2de31d3df393d3686aa8a8506d11e10e13c5baf/python_dotenv-1.1.0.tar.gz", hash = "sha256:41f90bc6f5f177fb41f53e87666db362025010eb28f60a01c9143bfa33a2b2d5", size = 39920 }
wheels = [
    { url = "https://files.pythonhosted.org/packages/1e/18/98a99ad95133c6a6e2005fe89faedf294a748bd5dc803008059409ac9b1e/python_dotenv-1.1.0-py3-none-any.whl", hash = "sha256:d7c01d9e2293916c18baf562d95698754b0dbbb5e74d457c45d4f6561fb9d55d", size = 20256 },
]

[[package]]
name = "rich"
version = "14.0.0"
source = { registry = "https://pypi.org/simple" }
dependencies = [
    { name = "markdown-it-py" },
    { name = "pygments" },
]
sdist = { url = "https://files.pythonhosted.org/packages/a1/53/830aa4c3066a8ab0ae9a9955976fb770fe9c6102117c8ec4ab3ea62d89e8/rich-14.0.0.tar.gz", hash = "sha256:82f1bc23a6a21ebca4ae0c45af9bdbc492ed20231dcb63f297d6d1021a9d5725", size = 224078 }
wheels = [
    { url = "https://files.pythonhosted.org/packages/0d/9b/63f4c7ebc259242c89b3acafdb37b41d1185c07ff0011164674e9076b491/rich-14.0.0-py3-none-any.whl", hash = "sha256:1c9491e1951aac09caffd42f448ee3d04e58923ffe14993f6e83068dc395d7e0", size = 243229 },
]

[[package]]
name = "shellingham"
version = "1.5.4"
source = { registry = "https://pypi.org/simple" }
sdist = { url = "https://files.pythonhosted.org/packages/58/15/8b3609fd3830ef7b27b655beb4b4e9c62313a4e8da8c676e142cc210d58e/shellingham-1.5.4.tar.gz", hash = "sha256:8dbca0739d487e5bd35ab3ca4b36e11c4078f3a234bfce294b0a0291363404de", size = 10310 }
wheels = [
    { url = "https://files.pythonhosted.org/packages/e0/f9/0595336914c5619e5f28a1fb793285925a8cd4b432c9da0a987836c7f822/shellingham-1.5.4-py2.py3-none-any.whl", hash = "sha256:7ecfff8f2fd72616f7481040475a65b2bf8af90a56c89140852d1120324e8686", size = 9755 },
]

[[package]]
name = "sniffio"
version = "1.3.1"
source = { registry = "https://pypi.org/simple" }
sdist = { url = "https://files.pythonhosted.org/packages/a2/87/a6771e1546d97e7e041b6ae58d80074f81b7d5121207425c964ddf5cfdbd/sniffio-1.3.1.tar.gz", hash = "sha256:f4324edc670a0f49750a81b895f35c3adb843cca46f0530f79fc1babb23789dc", size = 20372 }
wheels = [
    { url = "https://files.pythonhosted.org/packages/e9/44/75a9c9421471a6c4805dbf2356f7c181a29c1879239abab1ea2cc8f38b40/sniffio-1.3.1-py3-none-any.whl", hash = "sha256:2f6da418d1f1e0fddd844478f41680e794e6051915791a034ff65e5f100525a2", size = 10235 },
]

[[package]]
name = "sse-starlette"
version = "2.2.1"
source = { registry = "https://pypi.org/simple" }
dependencies = [
    { name = "anyio" },
    { name = "starlette" },
]
sdist = { url = "https://files.pythonhosted.org/packages/71/a4/80d2a11af59fe75b48230846989e93979c892d3a20016b42bb44edb9e398/sse_starlette-2.2.1.tar.gz", hash = "sha256:54470d5f19274aeed6b2d473430b08b4b379ea851d953b11d7f1c4a2c118b419", size = 17376 }
wheels = [
    { url = "https://files.pythonhosted.org/packages/d9/e0/5b8bd393f27f4a62461c5cf2479c75a2cc2ffa330976f9f00f5f6e4f50eb/sse_starlette-2.2.1-py3-none-any.whl", hash = "sha256:6410a3d3ba0c89e7675d4c273a301d64649c03a5ef1ca101f10b47f895fd0e99", size = 10120 },
]

[[package]]
name = "starlette"
version = "0.46.1"
source = { registry = "https://pypi.org/simple" }
dependencies = [
    { name = "anyio" },
]
sdist = { url = "https://files.pythonhosted.org/packages/04/1b/52b27f2e13ceedc79a908e29eac426a63465a1a01248e5f24aa36a62aeb3/starlette-0.46.1.tar.gz", hash = "sha256:3c88d58ee4bd1bb807c0d1acb381838afc7752f9ddaec81bbe4383611d833230", size = 2580102 }
wheels = [
    { url = "https://files.pythonhosted.org/packages/a0/4b/528ccf7a982216885a1ff4908e886b8fb5f19862d1962f56a3fce2435a70/starlette-0.46.1-py3-none-any.whl", hash = "sha256:77c74ed9d2720138b25875133f3a2dae6d854af2ec37dceb56aef370c1d8a227", size = 71995 },
]

[[package]]
name = "typer"
version = "0.15.2"
source = { registry = "https://pypi.org/simple" }
dependencies = [
    { name = "click" },
    { name = "rich" },
    { name = "shellingham" },
    { name = "typing-extensions" },
]
sdist = { url = "https://files.pythonhosted.org/packages/8b/6f/3991f0f1c7fcb2df31aef28e0594d8d54b05393a0e4e34c65e475c2a5d41/typer-0.15.2.tar.gz", hash = "sha256:ab2fab47533a813c49fe1f16b1a370fd5819099c00b119e0633df65f22144ba5", size = 100711 }
wheels = [
    { url = "https://files.pythonhosted.org/packages/7f/fc/5b29fea8cee020515ca82cc68e3b8e1e34bb19a3535ad854cac9257b414c/typer-0.15.2-py3-none-any.whl", hash = "sha256:46a499c6107d645a9c13f7ee46c5d5096cae6f5fc57dd11eccbbb9ae3e44ddfc", size = 45061 },
]

[[package]]
name = "typing-extensions"
version = "4.13.1"
source = { registry = "https://pypi.org/simple" }
sdist = { url = "https://files.pythonhosted.org/packages/76/ad/cd3e3465232ec2416ae9b983f27b9e94dc8171d56ac99b345319a9475967/typing_extensions-4.13.1.tar.gz", hash = "sha256:98795af00fb9640edec5b8e31fc647597b4691f099ad75f469a2616be1a76dff", size = 106633 }
wheels = [
    { url = "https://files.pythonhosted.org/packages/df/c5/e7a0b0f5ed69f94c8ab7379c599e6036886bffcde609969a5325f47f1332/typing_extensions-4.13.1-py3-none-any.whl", hash = "sha256:4b6cf02909eb5495cfbc3f6e8fd49217e6cc7944e145cdda8caa3734777f9e69", size = 45739 },
]

[[package]]
name = "typing-inspection"
version = "0.4.0"
source = { registry = "https://pypi.org/simple" }
dependencies = [
    { name = "typing-extensions" },
]
sdist = { url = "https://files.pythonhosted.org/packages/82/5c/e6082df02e215b846b4b8c0b887a64d7d08ffaba30605502639d44c06b82/typing_inspection-0.4.0.tar.gz", hash = "sha256:9765c87de36671694a67904bf2c96e395be9c6439bb6c87b5142569dcdd65122", size = 76222 }
wheels = [
    { url = "https://files.pythonhosted.org/packages/31/08/aa4fdfb71f7de5176385bd9e90852eaf6b5d622735020ad600f2bab54385/typing_inspection-0.4.0-py3-none-any.whl", hash = "sha256:50e72559fcd2a6367a19f7a7e610e6afcb9fac940c650290eed893d61386832f", size = 14125 },
]

[[package]]
name = "uvicorn"
version = "0.34.0"
source = { registry = "https://pypi.org/simple" }
dependencies = [
    { name = "click" },
    { name = "h11" },
]
sdist = { url = "https://files.pythonhosted.org/packages/4b/4d/938bd85e5bf2edeec766267a5015ad969730bb91e31b44021dfe8b22df6c/uvicorn-0.34.0.tar.gz", hash = "sha256:404051050cd7e905de2c9a7e61790943440b3416f49cb409f965d9dcd0fa73e9", size = 76568 }
wheels = [
    { url = "https://files.pythonhosted.org/packages/61/14/33a3a1352cfa71812a3a21e8c9bfb83f60b0011f5e36f2b1399d51928209/uvicorn-0.34.0-py3-none-any.whl", hash = "sha256:023dc038422502fa28a09c7a30bf2b6991512da7dcdb8fd35fe57cfc154126f4", size = 62315 },
]

[[package]]
name = "vizro-mcp"
version = "0.1.0"
source = { virtual = "." }
dependencies = [
    { name = "httpx" },
    { name = "mcp", extra = ["cli"] },
]

[package.metadata]
requires-dist = [
    { name = "httpx", specifier = ">=0.28.1" },
    { name = "mcp", extras = ["cli"], specifier = ">=1.6.0" },
]
